{
  "nodes": {
    "nixpkgs": {
      "locked": {
        "lastModified": 1786862985,
        "narHash": "sha256-FBJRXmbGXiSUDvYEbfLYRkckayyZ6SK1UEqhCrIZ2Cs=",
        "owner": "NixOS",
        "repo": "nixpkgs",
        "rev": "e5bdc4a41d4c072fe1e3787eaa0320a384741d44",
        "type": "github"
      },
      "original": {
        "owner": "NixOS",
        "ref": "nixos-unstable",
        "repo": "nixpkgs",
        "type": "github"
      }
    },
    "root": {
      "inputs": {
        "nixpkgs": "nixpkgs",
        "vulndb": "vulndb"
      }
    },
    "vulndb": {
      "flake": false,
      "locked": {
        "lastModified": 312732000,
        "narHash": "sha256-iAKCSWlcNuRHPoHaQjO7JHI5tFo/H+MU3sWFixA2UlE=",
        "type": "tarball",
        "url": "https://storage.googleapis.com/download/storage/v1/b/go-vulndb/o/vulndb.zip?alt=media&generation=1787088262759230"
      },
      "original": {
        "type": "tarball",
        "url": "https://storage.googleapis.com/download/storage/v1/b/go-vulndb/o/vulndb.zip?alt=media&generation=1787088262759230"
      }
    }
  },
  "root": "root",
  "version": 7
}
